PODS:
  - DACircularProgress (2.3.1)
  - Google/Analytics (1.1.1):
    - Google/Core
    - GoogleAnalytics (~> 3.12)
  - Google/Core (1.1.1):
    - GoogleInterchangeUtilities (~> 1.0)
    - GoogleNetworkingUtilities (~> 1.0)
    - GoogleSymbolUtilities (~> 1.0)
    - GoogleUtilities (~> 1.1)
  - GoogleAnalytics (3.13.0)
  - GoogleInterchangeUtilities (1.0.0):
    - GoogleSymbolUtilities (~> 1.0)
  - GoogleNetworkingUtilities (1.0.0):
    - GoogleSymbolUtilities (~> 1.0)
  - GoogleSymbolUtilities (1.0.0)
  - GoogleUtilities (1.1.0):
    - GoogleSymbolUtilities (~> 1.0.0)
  - MBProgressHUD (0.9.1)
  - MWPhotoBrowser (2.1.1):
    - DACircularProgress (~> 2.3)
    - MBProgressHUD (~> 0.9)
    - SDWebImage (!= 3.7.2, ~> 3.7)
  - PureLayout (3.0.1)
  - SDWebImage (3.7.3):
    - SDWebImage/Core (= 3.7.3)
  - SDWebImage/Core (3.7.3)
  - ViewDeck (2.4.1)

DEPENDENCIES:
  - Google/Analytics
  - MWPhotoBrowser
  - PureLayout
  - ViewDeck

SPEC CHECKSUMS:
  DACircularProgress: 4dd437c0fc3da5161cb289e07ac449493d41db71
  Google: 529a5d8719dff90ea2e7cba5f45302cd359b5456
  GoogleAnalytics: fcf1f1cad57ae1a9a53520018f0f680ceeeb8b49
  GoogleInterchangeUtilities: fe088bea8c936218e52324a004d279c4491b9d65
  GoogleNetworkingUtilities: 292992ab31b7b4ba32809a0e8b40e324cdfb2c0c
  GoogleSymbolUtilities: a7b0feed1fe667c8d5e647177938d0ecd62d6948
  GoogleUtilities: 8ed9134debe11719097881711464752900668f10
  MBProgressHUD: c47f2c166c126cf2ce36498d80f33e754d4e93ad
  MWPhotoBrowser: ba0d0c09ffda3a7ea10093518738c502c1c7141c
  PureLayout: f35f5384c9c4e4479df041dbe33ad7577b71ddfb
  SDWebImage: 1d2b1a1efda1ade1b00b6f8498865f8ddedc8a84
  ViewDeck: e4c744cb5383cbae40cf286c6e7246df33962020

COCOAPODS: 0.39.0
