PODS:
  - AFNetworking (3.1.0):
    - AFNetworking/NSURLSession (= 3.1.0)
    - AFNetworking/Reachability (= 3.1.0)
    - AFNetworking/Security (= 3.1.0)
    - AFNetworking/Serialization (= 3.1.0)
    - AFNetworking/UIKit (= 3.1.0)
  - AFNetworking/NSURLSession (3.1.0):
    - AFNetworking/Reachability
    - AFNetworking/Security
    - AFNetworking/Serialization
  - AFNetworking/Reachability (3.1.0)
  - AFNetworking/Security (3.1.0)
  - AFNetworking/Serialization (3.1.0)
  - AFNetworking/UIKit (3.1.0):
    - AFNetworking/NSURLSession
  - CocoaLumberjack (3.1.0):
    - CocoaLumberjack/Default (= 3.1.0)
    - CocoaLumberjack/Extensions (= 3.1.0)
  - CocoaLumberjack/Default (3.1.0)
  - CocoaLumberjack/Extensions (3.1.0):
    - CocoaLumberjack/Default
  - DACircularProgress (2.3.1)
  - DZNEmptyDataSet (1.8.1)
  - FirebaseAnalytics (3.8.0):
    - FirebaseCore (~> 3.6)
    - FirebaseInstanceID (~> 1.0)
    - GoogleToolboxForMac/NSData+zlib (~> 2.1)
  - FirebaseCore (3.6.0):
    - GoogleToolboxForMac/NSData+zlib (~> 2.1)
  - FirebaseInstanceID (1.0.10):
    - FirebaseCore (~> 3.6)
  - Google-Mobile-Ads-SDK (7.19.1)
  - Google/Analytics (3.0.3):
    - Google/Core
    - GoogleAnalytics (~> 3.12)
  - Google/Core (3.0.3):
    - FirebaseAnalytics (~> 3.2)
  - GoogleAnalytics (3.17.0)
  - GoogleToolboxForMac/Defines (2.1.1)
  - GoogleToolboxForMac/NSData+zlib (2.1.1):
    - GoogleToolboxForMac/Defines (= 2.1.1)
  - iOS-Slide-Menu (1.5)
  - MBProgressHUD (0.9.2)
  - MWPhotoBrowser (2.1.2):
    - DACircularProgress (~> 2.3)
    - MBProgressHUD (~> 0.9)
    - SDWebImage (!= 3.7.2, ~> 3.7)
  - PureLayout (3.0.2)
  - SDWebImage (3.8.2):
    - SDWebImage/Core (= 3.8.2)
  - SDWebImage/Core (3.8.2)
  - SplunkMint (5.2.0)
  - SwiftMessages (3.3.3)
  - TTTAttributedLabel (2.0.0)

DEPENDENCIES:
  - AFNetworking (~> 3.0)
  - CocoaLumberjack
  - DZNEmptyDataSet
  - Google-Mobile-Ads-SDK (~> 7.0)
  - Google/Analytics
  - iOS-Slide-Menu
  - MWPhotoBrowser (~> 2.1.2)
  - PureLayout
  - SplunkMint
  - SwiftMessages
  - TTTAttributedLabel

SPEC CHECKSUMS:
  AFNetworking: 5e0e199f73d8626b11e79750991f5d173d1f8b67
  CocoaLumberjack: 8311463ddf9ee86a06ef92a071dd656c89244500
  DACircularProgress: 4dd437c0fc3da5161cb289e07ac449493d41db71
  DZNEmptyDataSet: 9525833b9e68ac21c30253e1d3d7076cc828eaa7
  FirebaseAnalytics: 920e46455f27b0a52a80907a6d9b73ee4bd1c635
  FirebaseCore: 9691ee2ade70c098d7cf92440f4303f16d83ca75
  FirebaseInstanceID: b9eedd6846fb5e1f0f7279e1deaa7a7e4cf8392e
  Google: 813c467362eabc11385f5a5cc9ad0cb651a58f4e
  Google-Mobile-Ads-SDK: 43ac87810e4961f5093024d3525bfe022f956da3
  GoogleAnalytics: f42cc53a87a51fe94334821868d9c8481ff47a7b
  GoogleToolboxForMac: 8e329f1b599f2512c6b10676d45736bcc2cbbeb0
  iOS-Slide-Menu: 40b0cbd8916c42afc755f0869793cd09e7a32102
  MBProgressHUD: 1569cf7ace17a8bac47aabfbb8580a49690386d1
  MWPhotoBrowser: 5836d7aa041dc05a13de380c246826578adc5ea5
  PureLayout: 4d550abe49a94f24c2808b9b95db9131685fe4cd
  SDWebImage: 098e97e6176540799c27e804c96653ee0833d13c
  SplunkMint: 82255b5588e8ab85c90f6fafecd7c9c1dd3ce496
  SwiftMessages: 09cea3336e3fb63c3578983c8aac65acaa6d884a
  TTTAttributedLabel: 8cffe8e127e4e82ff3af1e5386d4cd0ad000b656

PODFILE CHECKSUM: 1f52bce1c1879bb3bb896225c66a5fc2ecf4159b

COCOAPODS: 1.2.1
