// !$*UTF8*$!
{
	archiveVersion = 1;
	classes = {
	};
	objectVersion = 46;
	objects = {

/* Begin PBXBuildFile section */
		440B2F6117F5EED800544926 /* GTMNSString+HTML.m in Sources */ = {isa = PBXBuildFile; fileRef = 440B2F6017F5EED800544926 /* GTMNSString+HTML.m */; settings = {COMPILER_FLAGS = "-fno-objc-arc"; }; };
		440B2FBD17F7C5DC00544926 /* czzRightSideViewController.m in Sources */ = {isa = PBXBuildFile; fileRef = 440B2FBC17F7C5DC00544926 /* czzRightSideViewController.m */; };
		440B2FC717F7DB7800544926 /* czzForumsViewController.m in Sources */ = {isa = PBXBuildFile; fileRef = 440B2FC617F7DB7800544926 /* czzForumsViewController.m */; };
		440B2FC917F7F42600544926 /* MobileCoreServices.framework in Frameworks */ = {isa = PBXBuildFile; fileRef = 440B2FC817F7F42600544926 /* MobileCoreServices.framework */; };
		440B2FCC17F8057500544926 /* czzPostViewController.m in Sources */ = {isa = PBXBuildFile; fileRef = 440B2FCB17F8057500544926 /* czzPostViewController.m */; };
		440B2FD017F8191700544926 /* czzPost.m in Sources */ = {isa = PBXBuildFile; fileRef = 440B2FCF17F8191700544926 /* czzPost.m */; };
		440B302217F969BF00544926 /* czzNewPostViewController.m in Sources */ = {isa = PBXBuildFile; fileRef = 440B302117F969BF00544926 /* czzNewPostViewController.m */; };
		441E5CCF17F4691300289DBD /* Foundation.framework in Frameworks */ = {isa = PBXBuildFile; fileRef = 441E5CCE17F4691300289DBD /* Foundation.framework */; };
		441E5CD117F4691300289DBD /* CoreGraphics.framework in Frameworks */ = {isa = PBXBuildFile; fileRef = 441E5CD017F4691300289DBD /* CoreGraphics.framework */; };
		441E5CD317F4691300289DBD /* UIKit.framework in Frameworks */ = {isa = PBXBuildFile; fileRef = 441E5CD217F4691300289DBD /* UIKit.framework */; };
		441E5CD917F4691300289DBD /* InfoPlist.strings in Resources */ = {isa = PBXBuildFile; fileRef = 441E5CD717F4691300289DBD /* InfoPlist.strings */; };
		441E5CDB17F4691300289DBD /* main.m in Sources */ = {isa = PBXBuildFile; fileRef = 441E5CDA17F4691300289DBD /* main.m */; };
		441E5CDF17F4691300289DBD /* czzAppDelegate.m in Sources */ = {isa = PBXBuildFile; fileRef = 441E5CDE17F4691300289DBD /* czzAppDelegate.m */; };
		441E5CE217F4691300289DBD /* Main_iPhone.storyboard in Resources */ = {isa = PBXBuildFile; fileRef = 441E5CE017F4691300289DBD /* Main_iPhone.storyboard */; };
		441E5CE817F4691300289DBD /* czzHomeViewController.m in Sources */ = {isa = PBXBuildFile; fileRef = 441E5CE717F4691300289DBD /* czzHomeViewController.m */; };
		441E5CEA17F4691300289DBD /* Images.xcassets in Resources */ = {isa = PBXBuildFile; fileRef = 441E5CE917F4691300289DBD /* Images.xcassets */; };
		441E5CF117F4691300289DBD /* XCTest.framework in Frameworks */ = {isa = PBXBuildFile; fileRef = 441E5CF017F4691300289DBD /* XCTest.framework */; };
		441E5CF217F4691300289DBD /* Foundation.framework in Frameworks */ = {isa = PBXBuildFile; fileRef = 441E5CCE17F4691300289DBD /* Foundation.framework */; };
		441E5CF317F4691300289DBD /* UIKit.framework in Frameworks */ = {isa = PBXBuildFile; fileRef = 441E5CD217F4691300289DBD /* UIKit.framework */; };
		441E5CFB17F4691300289DBD /* InfoPlist.strings in Resources */ = {isa = PBXBuildFile; fileRef = 441E5CF917F4691300289DBD /* InfoPlist.strings */; };
		441E5CFD17F4691300289DBD /* CustomImageBoardViewerTests.m in Sources */ = {isa = PBXBuildFile; fileRef = 441E5CFC17F4691300289DBD /* CustomImageBoardViewerTests.m */; };
		441E5D0C17F4699400289DBD /* IISideController.m in Sources */ = {isa = PBXBuildFile; fileRef = 441E5D0717F4699400289DBD /* IISideController.m */; };
		441E5D0D17F4699400289DBD /* IIViewDeckController.m in Sources */ = {isa = PBXBuildFile; fileRef = 441E5D0917F4699400289DBD /* IIViewDeckController.m */; };
		441E5D0E17F4699400289DBD /* IIWrapController.m in Sources */ = {isa = PBXBuildFile; fileRef = 441E5D0B17F4699400289DBD /* IIWrapController.m */; };
		441E5D1217F46A0900289DBD /* czzEntryPointViewController.m in Sources */ = {isa = PBXBuildFile; fileRef = 441E5D1117F46A0900289DBD /* czzEntryPointViewController.m */; };
		441E5D1B17F46E7900289DBD /* SMXMLDocument.m in Sources */ = {isa = PBXBuildFile; fileRef = 441E5D1A17F46E7900289DBD /* SMXMLDocument.m */; settings = {COMPILER_FLAGS = "-fno-objc-arc"; }; };
		441E5D2017F46FB600289DBD /* czzXMLDownloader.m in Sources */ = {isa = PBXBuildFile; fileRef = 441E5D1F17F46FB600289DBD /* czzXMLDownloader.m */; };
		441E5D2417F4797F00289DBD /* czzForumGroup.m in Sources */ = {isa = PBXBuildFile; fileRef = 441E5D2317F4797F00289DBD /* czzForumGroup.m */; };
		441E5D2917F48B3D00289DBD /* Toast+UIView.m in Sources */ = {isa = PBXBuildFile; fileRef = 441E5D2817F48B3D00289DBD /* Toast+UIView.m */; settings = {COMPILER_FLAGS = "-fno-objc-arc"; }; };
		441E5D2C17F48F8C00289DBD /* czzThread.m in Sources */ = {isa = PBXBuildFile; fileRef = 441E5D2B17F48F8C00289DBD /* czzThread.m */; };
		441E5E4E17F4A9C500289DBD /* CoreText.framework in Frameworks */ = {isa = PBXBuildFile; fileRef = 441E5E4D17F4A9C500289DBD /* CoreText.framework */; };
		441E5E5017F4AEA700289DBD /* warning.png in Resources */ = {isa = PBXBuildFile; fileRef = 441E5E4F17F4AEA700289DBD /* warning.png */; };
		441E5E5417F52DEF00289DBD /* czzThreadViewController.m in Sources */ = {isa = PBXBuildFile; fileRef = 441E5E5317F52DEF00289DBD /* czzThreadViewController.m */; };
		441EC336186EF58A00AF64BE /* czzRotatingTextInputToolbar.m in Sources */ = {isa = PBXBuildFile; fileRef = 441EC335186EF58A00AF64BE /* czzRotatingTextInputToolbar.m */; };
		442CD0E31851601A0021AD37 /* czzImageDownloader.m in Sources */ = {isa = PBXBuildFile; fileRef = 442CD0E21851601A0021AD37 /* czzImageDownloader.m */; };
		442CD0E718517BED0021AD37 /* czzImageCentre.m in Sources */ = {isa = PBXBuildFile; fileRef = 442CD0E618517BED0021AD37 /* czzImageCentre.m */; };
		44412973186D39BA00075AA2 /* TTTAttributedLabel.m in Sources */ = {isa = PBXBuildFile; fileRef = 44412972186D39BA00075AA2 /* TTTAttributedLabel.m */; };
		44412975186E9B1000075AA2 /* StoreKit.framework in Frameworks */ = {isa = PBXBuildFile; fileRef = 44412974186E9B1000075AA2 /* StoreKit.framework */; };
		4448C2A3180FF50F00D2CD76 /* czzBlacklistEntity.m in Sources */ = {isa = PBXBuildFile; fileRef = 4448C2A2180FF50F00D2CD76 /* czzBlacklistEntity.m */; };
		4448C2A7180FF55A00D2CD76 /* czzBlacklistDownloader.m in Sources */ = {isa = PBXBuildFile; fileRef = 4448C2A6180FF55A00D2CD76 /* czzBlacklistDownloader.m */; };
		4448C2AA180FF6C600D2CD76 /* czzBlacklistSender.m in Sources */ = {isa = PBXBuildFile; fileRef = 4448C2A9180FF6C600D2CD76 /* czzBlacklistSender.m */; };
		4448C2AD18100C6B00D2CD76 /* czzBlacklist.m in Sources */ = {isa = PBXBuildFile; fileRef = 4448C2AC18100C6B00D2CD76 /* czzBlacklist.m */; };
		4462EF2518659BC200E6BE78 /* czzFavouriteManagerViewController.m in Sources */ = {isa = PBXBuildFile; fileRef = 4462EF2418659BC200E6BE78 /* czzFavouriteManagerViewController.m */; };
		44AE2AFA187254E4002CB021 /* czzMenuEnabledTableViewCell.m in Sources */ = {isa = PBXBuildFile; fileRef = 44AE2AF9187254E4002CB021 /* czzMenuEnabledTableViewCell.m */; };
		44AE2AFE18725EC4002CB021 /* czzNoSelectionTextView.m in Sources */ = {isa = PBXBuildFile; fileRef = 44AE2AFD18725EC4002CB021 /* czzNoSelectionTextView.m */; };
		44B86453185D807800C29B92 /* libGoogleAdMobAds.a in Frameworks */ = {isa = PBXBuildFile; fileRef = 44B86451185D807800C29B92 /* libGoogleAdMobAds.a */; };
		44B86454185D807800C29B92 /* README.txt in Resources */ = {isa = PBXBuildFile; fileRef = 44B86452185D807800C29B92 /* README.txt */; };
		44B86457185D80A300C29B92 /* AdSupport.framework in Frameworks */ = {isa = PBXBuildFile; fileRef = 44B86456185D80A300C29B92 /* AdSupport.framework */; };
		44B86459185D80E300C29B92 /* AudioToolbox.framework in Frameworks */ = {isa = PBXBuildFile; fileRef = 44B86458185D80E200C29B92 /* AudioToolbox.framework */; };
		44B8645B185D80ED00C29B92 /* AVFoundation.framework in Frameworks */ = {isa = PBXBuildFile; fileRef = 44B8645A185D80ED00C29B92 /* AVFoundation.framework */; };
		44B8645D185D80F500C29B92 /* MessageUI.framework in Frameworks */ = {isa = PBXBuildFile; fileRef = 44B8645C185D80F500C29B92 /* MessageUI.framework */; };
		44B86461185D810500C29B92 /* SystemConfiguration.framework in Frameworks */ = {isa = PBXBuildFile; fileRef = 44B86460185D810500C29B92 /* SystemConfiguration.framework */; };
		44B96E33185B8B8100D664A4 /* czzImageManagerViewController.m in Sources */ = {isa = PBXBuildFile; fileRef = 44B96E32185B8B8100D664A4 /* czzImageManagerViewController.m */; };
		44B96E37185B97C400D664A4 /* czzSettingsViewController.m in Sources */ = {isa = PBXBuildFile; fileRef = 44B96E36185B97C400D664A4 /* czzSettingsViewController.m */; };
		44B96E3E185B9C3200D664A4 /* vertical separator.png in Resources */ = {isa = PBXBuildFile; fileRef = 44B96E3D185B9C3200D664A4 /* vertical separator.png */; };
		44C89ADC185C145C00E65B73 /* QuartzCore.framework in Frameworks */ = {isa = PBXBuildFile; fileRef = 44C89ADB185C145C00E65B73 /* QuartzCore.framework */; };
		44C89AE0185C14BA00E65B73 /* DACircularProgressView.m in Sources */ = {isa = PBXBuildFile; fileRef = 44C89ADF185C14BA00E65B73 /* DACircularProgressView.m */; };
		44CD43FF1869CB3E00C7D063 /* czzThreadCacheManager.m in Sources */ = {isa = PBXBuildFile; fileRef = 44CD43FE1869CB3E00C7D063 /* czzThreadCacheManager.m */; };
		44F8DE5A1803900100B6D3B0 /* Icon-40.png in Resources */ = {isa = PBXBuildFile; fileRef = 44F8DE4C1803900100B6D3B0 /* Icon-40.png */; };
		44F8DE5B1803900100B6D3B0 /* Icon-40@2x.png in Resources */ = {isa = PBXBuildFile; fileRef = 44F8DE4D1803900100B6D3B0 /* Icon-40@2x.png */; };
		44F8DE5C1803900100B6D3B0 /* Icon-60.png in Resources */ = {isa = PBXBuildFile; fileRef = 44F8DE4E1803900100B6D3B0 /* Icon-60.png */; };
		44F8DE5D1803900100B6D3B0 /* Icon-60@2x.png in Resources */ = {isa = PBXBuildFile; fileRef = 44F8DE4F1803900100B6D3B0 /* Icon-60@2x.png */; };
		44F8DE5E1803900100B6D3B0 /* Icon-72.png in Resources */ = {isa = PBXBuildFile; fileRef = 44F8DE501803900100B6D3B0 /* Icon-72.png */; };
		44F8DE5F1803900100B6D3B0 /* Icon-72@2x.png in Resources */ = {isa = PBXBuildFile; fileRef = 44F8DE511803900100B6D3B0 /* Icon-72@2x.png */; };
		44F8DE601803900100B6D3B0 /* Icon-76.png in Resources */ = {isa = PBXBuildFile; fileRef = 44F8DE521803900100B6D3B0 /* Icon-76.png */; };
		44F8DE611803900100B6D3B0 /* Icon-76@2x.png in Resources */ = {isa = PBXBuildFile; fileRef = 44F8DE531803900100B6D3B0 /* Icon-76@2x.png */; };
		44F8DE621803900100B6D3B0 /* Icon-Small-50.png in Resources */ = {isa = PBXBuildFile; fileRef = 44F8DE541803900100B6D3B0 /* Icon-Small-50.png */; };
		44F8DE631803900100B6D3B0 /* Icon-Small-50@2x.png in Resources */ = {isa = PBXBuildFile; fileRef = 44F8DE551803900100B6D3B0 /* Icon-Small-50@2x.png */; };
		44F8DE641803900100B6D3B0 /* Icon-Small.png in Resources */ = {isa = PBXBuildFile; fileRef = 44F8DE561803900100B6D3B0 /* Icon-Small.png */; };
		44F8DE651803900100B6D3B0 /* Icon-Small@2x.png in Resources */ = {isa = PBXBuildFile; fileRef = 44F8DE571803900100B6D3B0 /* Icon-Small@2x.png */; };
		44F8DE661803900100B6D3B0 /* Icon.png in Resources */ = {isa = PBXBuildFile; fileRef = 44F8DE581803900100B6D3B0 /* Icon.png */; };
		44F8DE671803900100B6D3B0 /* Icon@2x.png in Resources */ = {isa = PBXBuildFile; fileRef = 44F8DE591803900100B6D3B0 /* Icon@2x.png */; };
		44F8DE6D1803928A00B6D3B0 /* 40ios7.png in Resources */ = {isa = PBXBuildFile; fileRef = 44F8DE681803928A00B6D3B0 /* 40ios7.png */; };
		44F8DE6E1803928A00B6D3B0 /* Default-568h@2x.png in Resources */ = {isa = PBXBuildFile; fileRef = 44F8DE691803928A00B6D3B0 /* Default-568h@2x.png */; };
		44F8DE6F1803928A00B6D3B0 /* 35ios7.png in Resources */ = {isa = PBXBuildFile; fileRef = 44F8DE6A1803928A00B6D3B0 /* 35ios7.png */; };
		44F8DE701803928A00B6D3B0 /* Default~iphone.png in Resources */ = {isa = PBXBuildFile; fileRef = 44F8DE6B1803928A00B6D3B0 /* Default~iphone.png */; };
		44F8DE711803928A00B6D3B0 /* Default.png in Resources */ = {isa = PBXBuildFile; fileRef = 44F8DE6C1803928A00B6D3B0 /* Default.png */; };
		44FC4345180067CF0028D7C9 /* czzPostSender.m in Sources */ = {isa = PBXBuildFile; fileRef = 44FC4344180067CF0028D7C9 /* czzPostSender.m */; };
		44FC435018008E660028D7C9 /* TDDatePickerController.m in Sources */ = {isa = PBXBuildFile; fileRef = 44FC434918008E660028D7C9 /* TDDatePickerController.m */; };
		44FC435118008E660028D7C9 /* TDDatePickerController.xib in Resources */ = {isa = PBXBuildFile; fileRef = 44FC434A18008E660028D7C9 /* TDDatePickerController.xib */; };
		44FC435218008E660028D7C9 /* TDSemiModalViewController.m in Sources */ = {isa = PBXBuildFile; fileRef = 44FC434D18008E660028D7C9 /* TDSemiModalViewController.m */; };
		44FC435318008E660028D7C9 /* UIViewController+TDSemiModalExtension.m in Sources */ = {isa = PBXBuildFile; fileRef = 44FC434F18008E660028D7C9 /* UIViewController+TDSemiModalExtension.m */; };
		5A0A6BD61848691C0094D7FB /* czzMoreInfoViewController.m in Sources */ = {isa = PBXBuildFile; fileRef = 5A0A6BD51848691C0094D7FB /* czzMoreInfoViewController.m */; };
/* End PBXBuildFile section */

/* Begin PBXContainerItemProxy section */
		441E5CF417F4691300289DBD /* PBXContainerItemProxy */ = {
			isa = PBXContainerItemProxy;
			containerPortal = 441E5CC317F4691300289DBD /* Project object */;
			proxyType = 1;
			remoteGlobalIDString = 441E5CCA17F4691300289DBD;
			remoteInfo = CustomImageBoardViewer;
		};
/* End PBXContainerItemProxy section */

/* Begin PBXFileReference section */
		440B2F5E17F5EED800544926 /* GTMDefines.h */ = {isa = PBXFileReference; fileEncoding = 4; lastKnownFileType = sourcecode.c.h; path = GTMDefines.h; sourceTree = "<group>"; };
		440B2F5F17F5EED800544926 /* GTMNSString+HTML.h */ = {isa = PBXFileReference; fileEncoding = 4; lastKnownFileType = sourcecode.c.h; path = "GTMNSString+HTML.h"; sourceTree = "<group>"; };
		440B2F6017F5EED800544926 /* GTMNSString+HTML.m */ = {isa = PBXFileReference; fileEncoding = 4; lastKnownFileType = sourcecode.c.objc; path = "GTMNSString+HTML.m"; sourceTree = "<group>"; };
		440B2FBB17F7C5DC00544926 /* czzRightSideViewController.h */ = {isa = PBXFileReference; fileEncoding = 4; lastKnownFileType = sourcecode.c.h; path = czzRightSideViewController.h; sourceTree = "<group>"; };
		440B2FBC17F7C5DC00544926 /* czzRightSideViewController.m */ = {isa = PBXFileReference; fileEncoding = 4; lastKnownFileType = sourcecode.c.objc; path = czzRightSideViewController.m; sourceTree = "<group>"; };
		440B2FC517F7DB7800544926 /* czzForumsViewController.h */ = {isa = PBXFileReference; fileEncoding = 4; lastKnownFileType = sourcecode.c.h; path = czzForumsViewController.h; sourceTree = "<group>"; };
		440B2FC617F7DB7800544926 /* czzForumsViewController.m */ = {isa = PBXFileReference; fileEncoding = 4; lastKnownFileType = sourcecode.c.objc; path = czzForumsViewController.m; sourceTree = "<group>"; };
		440B2FC817F7F42600544926 /* MobileCoreServices.framework */ = {isa = PBXFileReference; lastKnownFileType = wrapper.framework; name = MobileCoreServices.framework; path = System/Library/Frameworks/MobileCoreServices.framework; sourceTree = SDKROOT; };
		440B2FCA17F8057500544926 /* czzPostViewController.h */ = {isa = PBXFileReference; fileEncoding = 4; lastKnownFileType = sourcecode.c.h; path = czzPostViewController.h; sourceTree = "<group>"; };
		440B2FCB17F8057500544926 /* czzPostViewController.m */ = {isa = PBXFileReference; fileEncoding = 4; lastKnownFileType = sourcecode.c.objc; path = czzPostViewController.m; sourceTree = "<group>"; };
		440B2FCE17F8191700544926 /* czzPost.h */ = {isa = PBXFileReference; fileEncoding = 4; lastKnownFileType = sourcecode.c.h; path = czzPost.h; sourceTree = "<group>"; };
		440B2FCF17F8191700544926 /* czzPost.m */ = {isa = PBXFileReference; fileEncoding = 4; lastKnownFileType = sourcecode.c.objc; path = czzPost.m; sourceTree = "<group>"; };
		440B302017F969BF00544926 /* czzNewPostViewController.h */ = {isa = PBXFileReference; fileEncoding = 4; lastKnownFileType = sourcecode.c.h; path = czzNewPostViewController.h; sourceTree = "<group>"; };
		440B302117F969BF00544926 /* czzNewPostViewController.m */ = {isa = PBXFileReference; fileEncoding = 4; lastKnownFileType = sourcecode.c.objc; path = czzNewPostViewController.m; sourceTree = "<group>"; };
		441E5CCB17F4691300289DBD /* CustomImageBoardViewer.app */ = {isa = PBXFileReference; explicitFileType = wrapper.application; includeInIndex = 0; path = CustomImageBoardViewer.app; sourceTree = BUILT_PRODUCTS_DIR; };
		441E5CCE17F4691300289DBD /* Foundation.framework */ = {isa = PBXFileReference; lastKnownFileType = wrapper.framework; name = Foundation.framework; path = System/Library/Frameworks/Foundation.framework; sourceTree = SDKROOT; };
		441E5CD017F4691300289DBD /* CoreGraphics.framework */ = {isa = PBXFileReference; lastKnownFileType = wrapper.framework; name = CoreGraphics.framework; path = System/Library/Frameworks/CoreGraphics.framework; sourceTree = SDKROOT; };
		441E5CD217F4691300289DBD /* UIKit.framework */ = {isa = PBXFileReference; lastKnownFileType = wrapper.framework; name = UIKit.framework; path = System/Library/Frameworks/UIKit.framework; sourceTree = SDKROOT; };
		441E5CD617F4691300289DBD /* CustomImageBoardViewer-Info.plist */ = {isa = PBXFileReference; lastKnownFileType = text.plist.xml; path = "CustomImageBoardViewer-Info.plist"; sourceTree = "<group>"; };
		441E5CD817F4691300289DBD /* en */ = {isa = PBXFileReference; lastKnownFileType = text.plist.strings; name = en; path = en.lproj/InfoPlist.strings; sourceTree = "<group>"; };
		441E5CDA17F4691300289DBD /* main.m */ = {isa = PBXFileReference; lastKnownFileType = sourcecode.c.objc; path = main.m; sourceTree = "<group>"; };
		441E5CDC17F4691300289DBD /* CustomImageBoardViewer-Prefix.pch */ = {isa = PBXFileReference; lastKnownFileType = sourcecode.c.h; path = "CustomImageBoardViewer-Prefix.pch"; sourceTree = "<group>"; };
		441E5CDD17F4691300289DBD /* czzAppDelegate.h */ = {isa = PBXFileReference; lastKnownFileType = sourcecode.c.h; path = czzAppDelegate.h; sourceTree = "<group>"; };
		441E5CDE17F4691300289DBD /* czzAppDelegate.m */ = {isa = PBXFileReference; lastKnownFileType = sourcecode.c.objc; path = czzAppDelegate.m; sourceTree = "<group>"; };
		441E5CE617F4691300289DBD /* czzHomeViewController.h */ = {isa = PBXFileReference; lastKnownFileType = sourcecode.c.h; path = czzHomeViewController.h; sourceTree = "<group>"; };
		441E5CE717F4691300289DBD /* czzHomeViewController.m */ = {isa = PBXFileReference; lastKnownFileType = sourcecode.c.objc; path = czzHomeViewController.m; sourceTree = "<group>"; };
		441E5CE917F4691300289DBD /* Images.xcassets */ = {isa = PBXFileReference; lastKnownFileType = folder.assetcatalog; path = Images.xcassets; sourceTree = "<group>"; };
		441E5CEF17F4691300289DBD /* CustomImageBoardViewerTests.xctest */ = {isa = PBXFileReference; explicitFileType = wrapper.cfbundle; includeInIndex = 0; path = CustomImageBoardViewerTests.xctest; sourceTree = BUILT_PRODUCTS_DIR; };
		441E5CF017F4691300289DBD /* XCTest.framework */ = {isa = PBXFileReference; lastKnownFileType = wrapper.framework; name = XCTest.framework; path = Library/Frameworks/XCTest.framework; sourceTree = DEVELOPER_DIR; };
		441E5CF817F4691300289DBD /* CustomImageBoardViewerTests-Info.plist */ = {isa = PBXFileReference; lastKnownFileType = text.plist.xml; path = "CustomImageBoardViewerTests-Info.plist"; sourceTree = "<group>"; };
		441E5CFA17F4691300289DBD /* en */ = {isa = PBXFileReference; lastKnownFileType = text.plist.strings; name = en; path = en.lproj/InfoPlist.strings; sourceTree = "<group>"; };
		441E5CFC17F4691300289DBD /* CustomImageBoardViewerTests.m */ = {isa = PBXFileReference; lastKnownFileType = sourcecode.c.objc; path = CustomImageBoardViewerTests.m; sourceTree = "<group>"; };
		441E5D0617F4699400289DBD /* IISideController.h */ = {isa = PBXFileReference; fileEncoding = 4; lastKnownFileType = sourcecode.c.h; path = IISideController.h; sourceTree = "<group>"; };
		441E5D0717F4699400289DBD /* IISideController.m */ = {isa = PBXFileReference; fileEncoding = 4; lastKnownFileType = sourcecode.c.objc; path = IISideController.m; sourceTree = "<group>"; };
		441E5D0817F4699400289DBD /* IIViewDeckController.h */ = {isa = PBXFileReference; fileEncoding = 4; lastKnownFileType = sourcecode.c.h; path = IIViewDeckController.h; sourceTree = "<group>"; };
		441E5D0917F4699400289DBD /* IIViewDeckController.m */ = {isa = PBXFileReference; fileEncoding = 4; lastKnownFileType = sourcecode.c.objc; path = IIViewDeckController.m; sourceTree = "<group>"; };
		441E5D0A17F4699400289DBD /* IIWrapController.h */ = {isa = PBXFileReference; fileEncoding = 4; lastKnownFileType = sourcecode.c.h; path = IIWrapController.h; sourceTree = "<group>"; };
		441E5D0B17F4699400289DBD /* IIWrapController.m */ = {isa = PBXFileReference; fileEncoding = 4; lastKnownFileType = sourcecode.c.objc; path = IIWrapController.m; sourceTree = "<group>"; };
		441E5D1017F46A0900289DBD /* czzEntryPointViewController.h */ = {isa = PBXFileReference; fileEncoding = 4; lastKnownFileType = sourcecode.c.h; path = czzEntryPointViewController.h; sourceTree = "<group>"; };
		441E5D1117F46A0900289DBD /* czzEntryPointViewController.m */ = {isa = PBXFileReference; fileEncoding = 4; lastKnownFileType = sourcecode.c.objc; path = czzEntryPointViewController.m; sourceTree = "<group>"; };
		441E5D1917F46E7900289DBD /* SMXMLDocument.h */ = {isa = PBXFileReference; fileEncoding = 4; lastKnownFileType = sourcecode.c.h; path = SMXMLDocument.h; sourceTree = "<group>"; };
		441E5D1A17F46E7900289DBD /* SMXMLDocument.m */ = {isa = PBXFileReference; fileEncoding = 4; lastKnownFileType = sourcecode.c.objc; path = SMXMLDocument.m; sourceTree = "<group>"; };
		441E5D1D17F46EE800289DBD /* en */ = {isa = PBXFileReference; lastKnownFileType = file.storyboard; name = en; path = en.lproj/Main_iPhone.storyboard; sourceTree = "<group>"; };
		441E5D1E17F46FB600289DBD /* czzXMLDownloader.h */ = {isa = PBXFileReference; fileEncoding = 4; lastKnownFileType = sourcecode.c.h; path = czzXMLDownloader.h; sourceTree = "<group>"; };
		441E5D1F17F46FB600289DBD /* czzXMLDownloader.m */ = {isa = PBXFileReference; fileEncoding = 4; lastKnownFileType = sourcecode.c.objc; path = czzXMLDownloader.m; sourceTree = "<group>"; };
		441E5D2217F4797F00289DBD /* czzForumGroup.h */ = {isa = PBXFileReference; fileEncoding = 4; lastKnownFileType = sourcecode.c.h; path = czzForumGroup.h; sourceTree = "<group>"; };
		441E5D2317F4797F00289DBD /* czzForumGroup.m */ = {isa = PBXFileReference; fileEncoding = 4; lastKnownFileType = sourcecode.c.objc; path = czzForumGroup.m; sourceTree = "<group>"; };
		441E5D2717F48B3D00289DBD /* Toast+UIView.h */ = {isa = PBXFileReference; fileEncoding = 4; lastKnownFileType = sourcecode.c.h; path = "Toast+UIView.h"; sourceTree = "<group>"; };
		441E5D2817F48B3D00289DBD /* Toast+UIView.m */ = {isa = PBXFileReference; fileEncoding = 4; lastKnownFileType = sourcecode.c.objc; path = "Toast+UIView.m"; sourceTree = "<group>"; };
		441E5D2A17F48F8C00289DBD /* czzThread.h */ = {isa = PBXFileReference; fileEncoding = 4; lastKnownFileType = sourcecode.c.h; path = czzThread.h; sourceTree = "<group>"; };
		441E5D2B17F48F8C00289DBD /* czzThread.m */ = {isa = PBXFileReference; fileEncoding = 4; lastKnownFileType = sourcecode.c.objc; path = czzThread.m; sourceTree = "<group>"; };
		441E5E4D17F4A9C500289DBD /* CoreText.framework */ = {isa = PBXFileReference; lastKnownFileType = wrapper.framework; name = CoreText.framework; path = System/Library/Frameworks/CoreText.framework; sourceTree = SDKROOT; };
		441E5E4F17F4AEA700289DBD /* warning.png */ = {isa = PBXFileReference; lastKnownFileType = image.png; path = warning.png; sourceTree = "<group>"; };
		441E5E5217F52DEF00289DBD /* czzThreadViewController.h */ = {isa = PBXFileReference; fileEncoding = 4; lastKnownFileType = sourcecode.c.h; path = czzThreadViewController.h; sourceTree = "<group>"; };
		441E5E5317F52DEF00289DBD /* czzThreadViewController.m */ = {isa = PBXFileReference; fileEncoding = 4; lastKnownFileType = sourcecode.c.objc; path = czzThreadViewController.m; sourceTree = "<group>"; };
		441EC334186EF58A00AF64BE /* czzRotatingTextInputToolbar.h */ = {isa = PBXFileReference; fileEncoding = 4; lastKnownFileType = sourcecode.c.h; path = czzRotatingTextInputToolbar.h; sourceTree = "<group>"; };
		441EC335186EF58A00AF64BE /* czzRotatingTextInputToolbar.m */ = {isa = PBXFileReference; fileEncoding = 4; lastKnownFileType = sourcecode.c.objc; path = czzRotatingTextInputToolbar.m; sourceTree = "<group>"; };
		442CD0E11851601A0021AD37 /* czzImageDownloader.h */ = {isa = PBXFileReference; fileEncoding = 4; lastKnownFileType = sourcecode.c.h; path = czzImageDownloader.h; sourceTree = "<group>"; };
		442CD0E21851601A0021AD37 /* czzImageDownloader.m */ = {isa = PBXFileReference; fileEncoding = 4; lastKnownFileType = sourcecode.c.objc; path = czzImageDownloader.m; sourceTree = "<group>"; };
		442CD0E518517BED0021AD37 /* czzImageCentre.h */ = {isa = PBXFileReference; fileEncoding = 4; lastKnownFileType = sourcecode.c.h; path = czzImageCentre.h; sourceTree = "<group>"; };
		442CD0E618517BED0021AD37 /* czzImageCentre.m */ = {isa = PBXFileReference; fileEncoding = 4; lastKnownFileType = sourcecode.c.objc; path = czzImageCentre.m; sourceTree = "<group>"; };
		44412971186D39BA00075AA2 /* TTTAttributedLabel.h */ = {isa = PBXFileReference; fileEncoding = 4; lastKnownFileType = sourcecode.c.h; path = TTTAttributedLabel.h; sourceTree = "<group>"; };
		44412972186D39BA00075AA2 /* TTTAttributedLabel.m */ = {isa = PBXFileReference; fileEncoding = 4; lastKnownFileType = sourcecode.c.objc; path = TTTAttributedLabel.m; sourceTree = "<group>"; };
		44412974186E9B1000075AA2 /* StoreKit.framework */ = {isa = PBXFileReference; lastKnownFileType = wrapper.framework; name = StoreKit.framework; path = System/Library/Frameworks/StoreKit.framework; sourceTree = SDKROOT; };
		4448C2A1180FF50F00D2CD76 /* czzBlacklistEntity.h */ = {isa = PBXFileReference; fileEncoding = 4; lastKnownFileType = sourcecode.c.h; path = czzBlacklistEntity.h; sourceTree = "<group>"; };
		4448C2A2180FF50F00D2CD76 /* czzBlacklistEntity.m */ = {isa = PBXFileReference; fileEncoding = 4; lastKnownFileType = sourcecode.c.objc; path = czzBlacklistEntity.m; sourceTree = "<group>"; };
		4448C2A5180FF55A00D2CD76 /* czzBlacklistDownloader.h */ = {isa = PBXFileReference; fileEncoding = 4; lastKnownFileType = sourcecode.c.h; path = czzBlacklistDownloader.h; sourceTree = "<group>"; };
		4448C2A6180FF55A00D2CD76 /* czzBlacklistDownloader.m */ = {isa = PBXFileReference; fileEncoding = 4; lastKnownFileType = sourcecode.c.objc; path = czzBlacklistDownloader.m; sourceTree = "<group>"; };
		4448C2A8180FF6C600D2CD76 /* czzBlacklistSender.h */ = {isa = PBXFileReference; fileEncoding = 4; lastKnownFileType = sourcecode.c.h; path = czzBlacklistSender.h; sourceTree = "<group>"; };
		4448C2A9180FF6C600D2CD76 /* czzBlacklistSender.m */ = {isa = PBXFileReference; fileEncoding = 4; lastKnownFileType = sourcecode.c.objc; path = czzBlacklistSender.m; sourceTree = "<group>"; };
		4448C2AB18100C6B00D2CD76 /* czzBlacklist.h */ = {isa = PBXFileReference; fileEncoding = 4; lastKnownFileType = sourcecode.c.h; path = czzBlacklist.h; sourceTree = "<group>"; };
		4448C2AC18100C6B00D2CD76 /* czzBlacklist.m */ = {isa = PBXFileReference; fileEncoding = 4; lastKnownFileType = sourcecode.c.objc; path = czzBlacklist.m; sourceTree = "<group>"; };
		4462EF2318659BC200E6BE78 /* czzFavouriteManagerViewController.h */ = {isa = PBXFileReference; fileEncoding = 4; lastKnownFileType = sourcecode.c.h; path = czzFavouriteManagerViewController.h; sourceTree = "<group>"; };
		4462EF2418659BC200E6BE78 /* czzFavouriteManagerViewController.m */ = {isa = PBXFileReference; fileEncoding = 4; lastKnownFileType = sourcecode.c.objc; path = czzFavouriteManagerViewController.m; sourceTree = "<group>"; };
		44AE2AF8187254E4002CB021 /* czzMenuEnabledTableViewCell.h */ = {isa = PBXFileReference; fileEncoding = 4; lastKnownFileType = sourcecode.c.h; path = czzMenuEnabledTableViewCell.h; sourceTree = "<group>"; };
		44AE2AF9187254E4002CB021 /* czzMenuEnabledTableViewCell.m */ = {isa = PBXFileReference; fileEncoding = 4; lastKnownFileType = sourcecode.c.objc; path = czzMenuEnabledTableViewCell.m; sourceTree = "<group>"; };
		44AE2AFC18725EC4002CB021 /* czzNoSelectionTextView.h */ = {isa = PBXFileReference; fileEncoding = 4; lastKnownFileType = sourcecode.c.h; path = czzNoSelectionTextView.h; sourceTree = "<group>"; };
		44AE2AFD18725EC4002CB021 /* czzNoSelectionTextView.m */ = {isa = PBXFileReference; fileEncoding = 4; lastKnownFileType = sourcecode.c.objc; path = czzNoSelectionTextView.m; sourceTree = "<group>"; };
		44B86448185D807800C29B92 /* GADAdMobExtras.h */ = {isa = PBXFileReference; fileEncoding = 4; lastKnownFileType = sourcecode.c.h; path = GADAdMobExtras.h; sourceTree = "<group>"; };
		44B86449185D807800C29B92 /* GADAdNetworkExtras.h */ = {isa = PBXFileReference; fileEncoding = 4; lastKnownFileType = sourcecode.c.h; path = GADAdNetworkExtras.h; sourceTree = "<group>"; };
		44B8644A185D807800C29B92 /* GADAdSize.h */ = {isa = PBXFileReference; fileEncoding = 4; lastKnownFileType = sourcecode.c.h; path = GADAdSize.h; sourceTree = "<group>"; };
		44B8644B185D807800C29B92 /* GADBannerView.h */ = {isa = PBXFileReference; fileEncoding = 4; lastKnownFileType = sourcecode.c.h; path = GADBannerView.h; sourceTree = "<group>"; };
		44B8644C185D807800C29B92 /* GADBannerViewDelegate.h */ = {isa = PBXFileReference; fileEncoding = 4; lastKnownFileType = sourcecode.c.h; path = GADBannerViewDelegate.h; sourceTree = "<group>"; };
		44B8644D185D807800C29B92 /* GADInterstitial.h */ = {isa = PBXFileReference; fileEncoding = 4; lastKnownFileType = sourcecode.c.h; path = GADInterstitial.h; sourceTree = "<group>"; };
		44B8644E185D807800C29B92 /* GADInterstitialDelegate.h */ = {isa = PBXFileReference; fileEncoding = 4; lastKnownFileType = sourcecode.c.h; path = GADInterstitialDelegate.h; sourceTree = "<group>"; };
		44B8644F185D807800C29B92 /* GADRequest.h */ = {isa = PBXFileReference; fileEncoding = 4; lastKnownFileType = sourcecode.c.h; path = GADRequest.h; sourceTree = "<group>"; };
		44B86450185D807800C29B92 /* GADRequestError.h */ = {isa = PBXFileReference; fileEncoding = 4; lastKnownFileType = sourcecode.c.h; path = GADRequestError.h; sourceTree = "<group>"; };
		44B86451185D807800C29B92 /* libGoogleAdMobAds.a */ = {isa = PBXFileReference; lastKnownFileType = archive.ar; path = libGoogleAdMobAds.a; sourceTree = "<group>"; };
		44B86452185D807800C29B92 /* README.txt */ = {isa = PBXFileReference; fileEncoding = 4; lastKnownFileType = text; path = README.txt; sourceTree = "<group>"; };
		44B86456185D80A300C29B92 /* AdSupport.framework */ = {isa = PBXFileReference; lastKnownFileType = wrapper.framework; name = AdSupport.framework; path = System/Library/Frameworks/AdSupport.framework; sourceTree = SDKROOT; };
		44B86458185D80E200C29B92 /* AudioToolbox.framework */ = {isa = PBXFileReference; lastKnownFileType = wrapper.framework; name = AudioToolbox.framework; path = System/Library/Frameworks/AudioToolbox.framework; sourceTree = SDKROOT; };
		44B8645A185D80ED00C29B92 /* AVFoundation.framework */ = {isa = PBXFileReference; lastKnownFileType = wrapper.framework; name = AVFoundation.framework; path = System/Library/Frameworks/AVFoundation.framework; sourceTree = SDKROOT; };
		44B8645C185D80F500C29B92 /* MessageUI.framework */ = {isa = PBXFileReference; lastKnownFileType = wrapper.framework; name = MessageUI.framework; path = System/Library/Frameworks/MessageUI.framework; sourceTree = SDKROOT; };
		44B86460185D810500C29B92 /* SystemConfiguration.framework */ = {isa = PBXFileReference; lastKnownFileType = wrapper.framework; name = SystemConfiguration.framework; path = System/Library/Frameworks/SystemConfiguration.framework; sourceTree = SDKROOT; };
		44B96E31185B8B8100D664A4 /* czzImageManagerViewController.h */ = {isa = PBXFileReference; fileEncoding = 4; lastKnownFileType = sourcecode.c.h; path = czzImageManagerViewController.h; sourceTree = "<group>"; };
		44B96E32185B8B8100D664A4 /* czzImageManagerViewController.m */ = {isa = PBXFileReference; fileEncoding = 4; lastKnownFileType = sourcecode.c.objc; path = czzImageManagerViewController.m; sourceTree = "<group>"; };
		44B96E35185B97C400D664A4 /* czzSettingsViewController.h */ = {isa = PBXFileReference; fileEncoding = 4; lastKnownFileType = sourcecode.c.h; path = czzSettingsViewController.h; sourceTree = "<group>"; };
		44B96E36185B97C400D664A4 /* czzSettingsViewController.m */ = {isa = PBXFileReference; fileEncoding = 4; lastKnownFileType = sourcecode.c.objc; path = czzSettingsViewController.m; sourceTree = "<group>"; };
		44B96E3D185B9C3200D664A4 /* vertical separator.png */ = {isa = PBXFileReference; lastKnownFileType = image.png; path = "vertical separator.png"; sourceTree = "<group>"; };
		44C89ADB185C145C00E65B73 /* QuartzCore.framework */ = {isa = PBXFileReference; lastKnownFileType = wrapper.framework; name = QuartzCore.framework; path = System/Library/Frameworks/QuartzCore.framework; sourceTree = SDKROOT; };
		44C89ADE185C14BA00E65B73 /* DACircularProgressView.h */ = {isa = PBXFileReference; fileEncoding = 4; lastKnownFileType = sourcecode.c.h; path = DACircularProgressView.h; sourceTree = "<group>"; };
		44C89ADF185C14BA00E65B73 /* DACircularProgressView.m */ = {isa = PBXFileReference; fileEncoding = 4; lastKnownFileType = sourcecode.c.objc; path = DACircularProgressView.m; sourceTree = "<group>"; };
		44CD43FD1869CB3E00C7D063 /* czzThreadCacheManager.h */ = {isa = PBXFileReference; fileEncoding = 4; lastKnownFileType = sourcecode.c.h; path = czzThreadCacheManager.h; sourceTree = "<group>"; };
		44CD43FE1869CB3E00C7D063 /* czzThreadCacheManager.m */ = {isa = PBXFileReference; fileEncoding = 4; lastKnownFileType = sourcecode.c.objc; path = czzThreadCacheManager.m; sourceTree = "<group>"; };
		44F8DE4C1803900100B6D3B0 /* Icon-40.png */ = {isa = PBXFileReference; lastKnownFileType = image.png; path = "Icon-40.png"; sourceTree = "<group>"; };
		44F8DE4D1803900100B6D3B0 /* Icon-40@2x.png */ = {isa = PBXFileReference; lastKnownFileType = image.png; path = "Icon-40@2x.png"; sourceTree = "<group>"; };
		44F8DE4E1803900100B6D3B0 /* Icon-60.png */ = {isa = PBXFileReference; lastKnownFileType = image.png; path = "Icon-60.png"; sourceTree = "<group>"; };
		44F8DE4F1803900100B6D3B0 /* Icon-60@2x.png */ = {isa = PBXFileReference; lastKnownFileType = image.png; path = "Icon-60@2x.png"; sourceTree = "<group>"; };
		44F8DE501803900100B6D3B0 /* Icon-72.png */ = {isa = PBXFileReference; lastKnownFileType = image.png; path = "Icon-72.png"; sourceTree = "<group>"; };
		44F8DE511803900100B6D3B0 /* Icon-72@2x.png */ = {isa = PBXFileReference; lastKnownFileType = image.png; path = "Icon-72@2x.png"; sourceTree = "<group>"; };
		44F8DE521803900100B6D3B0 /* Icon-76.png */ = {isa = PBXFileReference; lastKnownFileType = image.png; path = "Icon-76.png"; sourceTree = "<group>"; };
		44F8DE531803900100B6D3B0 /* Icon-76@2x.png */ = {isa = PBXFileReference; lastKnownFileType = image.png; path = "Icon-76@2x.png"; sourceTree = "<group>"; };
		44F8DE541803900100B6D3B0 /* Icon-Small-50.png */ = {isa = PBXFileReference; lastKnownFileType = image.png; path = "Icon-Small-50.png"; sourceTree = "<group>"; };
		44F8DE551803900100B6D3B0 /* Icon-Small-50@2x.png */ = {isa = PBXFileReference; lastKnownFileType = image.png; path = "Icon-Small-50@2x.png"; sourceTree = "<group>"; };
		44F8DE561803900100B6D3B0 /* Icon-Small.png */ = {isa = PBXFileReference; lastKnownFileType = image.png; path = "Icon-Small.png"; sourceTree = "<group>"; };
		44F8DE571803900100B6D3B0 /* Icon-Small@2x.png */ = {isa = PBXFileReference; lastKnownFileType = image.png; path = "Icon-Small@2x.png"; sourceTree = "<group>"; };
		44F8DE581803900100B6D3B0 /* Icon.png */ = {isa = PBXFileReference; lastKnownFileType = image.png; path = Icon.png; sourceTree = "<group>"; };
		44F8DE591803900100B6D3B0 /* Icon@2x.png */ = {isa = PBXFileReference; lastKnownFileType = image.png; path = "Icon@2x.png"; sourceTree = "<group>"; };
		44F8DE681803928A00B6D3B0 /* 40ios7.png */ = {isa = PBXFileReference; lastKnownFileType = image.png; path = 40ios7.png; sourceTree = "<group>"; };
		44F8DE691803928A00B6D3B0 /* Default-568h@2x.png */ = {isa = PBXFileReference; lastKnownFileType = image.png; path = "Default-568h@2x.png"; sourceTree = "<group>"; };
		44F8DE6A1803928A00B6D3B0 /* 35ios7.png */ = {isa = PBXFileReference; lastKnownFileType = image.png; path = 35ios7.png; sourceTree = "<group>"; };
		44F8DE6B1803928A00B6D3B0 /* Default~iphone.png */ = {isa = PBXFileReference; lastKnownFileType = image.png; path = "Default~iphone.png"; sourceTree = "<group>"; };
		44F8DE6C1803928A00B6D3B0 /* Default.png */ = {isa = PBXFileReference; lastKnownFileType = image.png; path = Default.png; sourceTree = "<group>"; };
		44FC4343180067CF0028D7C9 /* czzPostSender.h */ = {isa = PBXFileReference; fileEncoding = 4; lastKnownFileType = sourcecode.c.h; path = czzPostSender.h; sourceTree = "<group>"; };
		44FC4344180067CF0028D7C9 /* czzPostSender.m */ = {isa = PBXFileReference; fileEncoding = 4; lastKnownFileType = sourcecode.c.objc; path = czzPostSender.m; sourceTree = "<group>"; };
		44FC434818008E660028D7C9 /* TDDatePickerController.h */ = {isa = PBXFileReference; fileEncoding = 4; lastKnownFileType = sourcecode.c.h; path = TDDatePickerController.h; sourceTree = "<group>"; };
		44FC434918008E660028D7C9 /* TDDatePickerController.m */ = {isa = PBXFileReference; fileEncoding = 4; lastKnownFileType = sourcecode.c.objc; path = TDDatePickerController.m; sourceTree = "<group>"; };
		44FC434A18008E660028D7C9 /* TDDatePickerController.xib */ = {isa = PBXFileReference; fileEncoding = 4; lastKnownFileType = file.xib; path = TDDatePickerController.xib; sourceTree = "<group>"; };
		44FC434B18008E660028D7C9 /* TDSemiModal.h */ = {isa = PBXFileReference; fileEncoding = 4; lastKnownFileType = sourcecode.c.h; path = TDSemiModal.h; sourceTree = "<group>"; };
		44FC434C18008E660028D7C9 /* TDSemiModalViewController.h */ = {isa = PBXFileReference; fileEncoding = 4; lastKnownFileType = sourcecode.c.h; path = TDSemiModalViewController.h; sourceTree = "<group>"; };
		44FC434D18008E660028D7C9 /* TDSemiModalViewController.m */ = {isa = PBXFileReference; fileEncoding = 4; lastKnownFileType = sourcecode.c.objc; path = TDSemiModalViewController.m; sourceTree = "<group>"; };
		44FC434E18008E660028D7C9 /* UIViewController+TDSemiModalExtension.h */ = {isa = PBXFileReference; fileEncoding = 4; lastKnownFileType = sourcecode.c.h; path = "UIViewController+TDSemiModalExtension.h"; sourceTree = "<group>"; };
		44FC434F18008E660028D7C9 /* UIViewController+TDSemiModalExtension.m */ = {isa = PBXFileReference; fileEncoding = 4; lastKnownFileType = sourcecode.c.objc; path = "UIViewController+TDSemiModalExtension.m"; sourceTree = "<group>"; };
		5A0A6BD41848691C0094D7FB /* czzMoreInfoViewController.h */ = {isa = PBXFileReference; fileEncoding = 4; lastKnownFileType = sourcecode.c.h; path = czzMoreInfoViewController.h; sourceTree = "<group>"; };
		5A0A6BD51848691C0094D7FB /* czzMoreInfoViewController.m */ = {isa = PBXFileReference; fileEncoding = 4; lastKnownFileType = sourcecode.c.objc; path = czzMoreInfoViewController.m; sourceTree = "<group>"; };
/* End PBXFileReference section */

/* Begin PBXFrameworksBuildPhase section */
		441E5CC817F4691300289DBD /* Frameworks */ = {
			isa = PBXFrameworksBuildPhase;
			buildActionMask = 2147483647;
			files = (
				44412975186E9B1000075AA2 /* StoreKit.framework in Frameworks */,
				44B86461185D810500C29B92 /* SystemConfiguration.framework in Frameworks */,
				44B8645D185D80F500C29B92 /* MessageUI.framework in Frameworks */,
				44B8645B185D80ED00C29B92 /* AVFoundation.framework in Frameworks */,
				44B86459185D80E300C29B92 /* AudioToolbox.framework in Frameworks */,
				44B86457185D80A300C29B92 /* AdSupport.framework in Frameworks */,
				44C89ADC185C145C00E65B73 /* QuartzCore.framework in Frameworks */,
				440B2FC917F7F42600544926 /* MobileCoreServices.framework in Frameworks */,
				441E5E4E17F4A9C500289DBD /* CoreText.framework in Frameworks */,
				441E5CD117F4691300289DBD /* CoreGraphics.framework in Frameworks */,
				44B86453185D807800C29B92 /* libGoogleAdMobAds.a in Frameworks */,
				441E5CD317F4691300289DBD /* UIKit.framework in Frameworks */,
				441E5CCF17F4691300289DBD /* Foundation.framework in Frameworks */,
			);
			runOnlyForDeploymentPostprocessing = 0;
		};
		441E5CEC17F4691300289DBD /* Frameworks */ = {
			isa = PBXFrameworksBuildPhase;
			buildActionMask = 2147483647;
			files = (
				441E5CF117F4691300289DBD /* XCTest.framework in Frameworks */,
				441E5CF317F4691300289DBD /* UIKit.framework in Frameworks */,
				441E5CF217F4691300289DBD /* Foundation.framework in Frameworks */,
			);
			runOnlyForDeploymentPostprocessing = 0;
		};
/* End PBXFrameworksBuildPhase section */

/* Begin PBXGroup section */
		440B2F6217F5F97200544926 /* GTMNSString */ = {
			isa = PBXGroup;
			children = (
				440B2F5E17F5EED800544926 /* GTMDefines.h */,
				440B2F5F17F5EED800544926 /* GTMNSString+HTML.h */,
				440B2F6017F5EED800544926 /* GTMNSString+HTML.m */,
			);
			name = GTMNSString;
			sourceTree = "<group>";
		};
		440B2FBE17F7C5E700544926 /* czzThreadMenuViewController */ = {
			isa = PBXGroup;
			children = (
				440B2FBB17F7C5DC00544926 /* czzRightSideViewController.h */,
				440B2FBC17F7C5DC00544926 /* czzRightSideViewController.m */,
			);
			name = czzThreadMenuViewController;
			sourceTree = "<group>";
		};
		440B2FCD17F8057C00544926 /* czzPostViewController */ = {
			isa = PBXGroup;
			children = (
				440B2FCA17F8057500544926 /* czzPostViewController.h */,
				440B2FCB17F8057500544926 /* czzPostViewController.m */,
			);
			name = czzPostViewController;
			sourceTree = "<group>";
		};
		440B2FD117F81A9200544926 /* czzPost */ = {
			isa = PBXGroup;
			children = (
				440B2FCE17F8191700544926 /* czzPost.h */,
				440B2FCF17F8191700544926 /* czzPost.m */,
			);
			name = czzPost;
			sourceTree = "<group>";
		};
		440B2FD817F94C5000544926 /* Launch images */ = {
			isa = PBXGroup;
			children = (
				44F8DE681803928A00B6D3B0 /* 40ios7.png */,
				44F8DE691803928A00B6D3B0 /* Default-568h@2x.png */,
				44F8DE6A1803928A00B6D3B0 /* 35ios7.png */,
				44F8DE6B1803928A00B6D3B0 /* Default~iphone.png */,
				44F8DE6C1803928A00B6D3B0 /* Default.png */,
			);
			path = "Launch images";
			sourceTree = "<group>";
		};
		440B300D17F95EC200544926 /* App icon */ = {
			isa = PBXGroup;
			children = (
				44F8DE4C1803900100B6D3B0 /* Icon-40.png */,
				44F8DE4D1803900100B6D3B0 /* Icon-40@2x.png */,
				44F8DE4E1803900100B6D3B0 /* Icon-60.png */,
				44F8DE4F1803900100B6D3B0 /* Icon-60@2x.png */,
				44F8DE501803900100B6D3B0 /* Icon-72.png */,
				44F8DE511803900100B6D3B0 /* Icon-72@2x.png */,
				44F8DE521803900100B6D3B0 /* Icon-76.png */,
				44F8DE531803900100B6D3B0 /* Icon-76@2x.png */,
				44F8DE541803900100B6D3B0 /* Icon-Small-50.png */,
				44F8DE551803900100B6D3B0 /* Icon-Small-50@2x.png */,
				44F8DE561803900100B6D3B0 /* Icon-Small.png */,
				44F8DE571803900100B6D3B0 /* Icon-Small@2x.png */,
				44F8DE581803900100B6D3B0 /* Icon.png */,
				44F8DE591803900100B6D3B0 /* Icon@2x.png */,
			);
			name = "App icon";
			sourceTree = "<group>";
		};
		440B302317F96A1300544926 /* czzNewPostViewController */ = {
			isa = PBXGroup;
			children = (
				440B302017F969BF00544926 /* czzNewPostViewController.h */,
				440B302117F969BF00544926 /* czzNewPostViewController.m */,
				441EC334186EF58A00AF64BE /* czzRotatingTextInputToolbar.h */,
				441EC335186EF58A00AF64BE /* czzRotatingTextInputToolbar.m */,
			);
			name = czzNewPostViewController;
			sourceTree = "<group>";
		};
		441E5CC217F4691300289DBD = {
			isa = PBXGroup;
			children = (
				441E5CD417F4691300289DBD /* CustomImageBoardViewer */,
				441E5CF617F4691300289DBD /* CustomImageBoardViewerTests */,
				441E5CCD17F4691300289DBD /* Frameworks */,
				441E5CCC17F4691300289DBD /* Products */,
			);
			sourceTree = "<group>";
		};
		441E5CCC17F4691300289DBD /* Products */ = {
			isa = PBXGroup;
			children = (
				441E5CCB17F4691300289DBD /* CustomImageBoardViewer.app */,
				441E5CEF17F4691300289DBD /* CustomImageBoardViewerTests.xctest */,
			);
			name = Products;
			sourceTree = "<group>";
		};
		441E5CCD17F4691300289DBD /* Frameworks */ = {
			isa = PBXGroup;
			children = (
				44412974186E9B1000075AA2 /* StoreKit.framework */,
				44B86460185D810500C29B92 /* SystemConfiguration.framework */,
				44B8645C185D80F500C29B92 /* MessageUI.framework */,
				44B8645A185D80ED00C29B92 /* AVFoundation.framework */,
				44B86458185D80E200C29B92 /* AudioToolbox.framework */,
				44B86456185D80A300C29B92 /* AdSupport.framework */,
				44C89ADB185C145C00E65B73 /* QuartzCore.framework */,
				440B2FC817F7F42600544926 /* MobileCoreServices.framework */,
				441E5E4D17F4A9C500289DBD /* CoreText.framework */,
				441E5CCE17F4691300289DBD /* Foundation.framework */,
				441E5CD017F4691300289DBD /* CoreGraphics.framework */,
				441E5CD217F4691300289DBD /* UIKit.framework */,
				441E5CF017F4691300289DBD /* XCTest.framework */,
			);
			name = Frameworks;
			sourceTree = "<group>";
		};
		441E5CD417F4691300289DBD /* CustomImageBoardViewer */ = {
			isa = PBXGroup;
			children = (
				441E5CDD17F4691300289DBD /* czzAppDelegate.h */,
				441E5CDE17F4691300289DBD /* czzAppDelegate.m */,
				441E5CE017F4691300289DBD /* Main_iPhone.storyboard */,
				440B300D17F95EC200544926 /* App icon */,
				440B2FD817F94C5000544926 /* Launch images */,
				5A0A6BD7184869200094D7FB /* czzMoreInfoViewController */,
				441E5E5517F52DF300289DBD /* czzThreadViewController */,
				441E5D1817F46B5100289DBD /* czzHomeViewController */,
				441E5D1717F46B3200289DBD /* czzForumsViewController */,
				441E5D1317F46A0E00289DBD /* czzEntryPointViewController */,
				441E5D2D17F490E100289DBD /* czzThread */,
				442CD0E4185160200021AD37 /* czzImageDownloader */,
				44412970186D39BA00075AA2 /* TTTAttributedLabel */,
				441E5D2517F4798300289DBD /* czzForumGroup */,
				441E5D1C17F46E7F00289DBD /* SMXMLDocument */,
				44FC434718008E660028D7C9 /* TDSemiModal */,
				441E5D2617F48B3D00289DBD /* Toast */,
				440B2F6217F5F97200544926 /* GTMNSString */,
				44C89ADD185C14BA00E65B73 /* DACircularProgress */,
				441E5D0F17F4699900289DBD /* IIViewDeck */,
				44B86455185D807F00C29B92 /* AdMod components */,
				441E5CE917F4691300289DBD /* Images.xcassets */,
				441E5E5117F4AEAB00289DBD /* Icons */,
				441E5CD517F4691300289DBD /* Supporting Files */,
			);
			path = CustomImageBoardViewer;
			sourceTree = "<group>";
		};
		441E5CD517F4691300289DBD /* Supporting Files */ = {
			isa = PBXGroup;
			children = (
				441E5CD617F4691300289DBD /* CustomImageBoardViewer-Info.plist */,
				441E5CD717F4691300289DBD /* InfoPlist.strings */,
				441E5CDA17F4691300289DBD /* main.m */,
				441E5CDC17F4691300289DBD /* CustomImageBoardViewer-Prefix.pch */,
			);
			name = "Supporting Files";
			sourceTree = "<group>";
		};
		441E5CF617F4691300289DBD /* CustomImageBoardViewerTests */ = {
			isa = PBXGroup;
			children = (
				441E5CFC17F4691300289DBD /* CustomImageBoardViewerTests.m */,
				441E5CF717F4691300289DBD /* Supporting Files */,
			);
			path = CustomImageBoardViewerTests;
			sourceTree = "<group>";
		};
		441E5CF717F4691300289DBD /* Supporting Files */ = {
			isa = PBXGroup;
			children = (
				441E5CF817F4691300289DBD /* CustomImageBoardViewerTests-Info.plist */,
				441E5CF917F4691300289DBD /* InfoPlist.strings */,
			);
			name = "Supporting Files";
			sourceTree = "<group>";
		};
		441E5D0F17F4699900289DBD /* IIViewDeck */ = {
			isa = PBXGroup;
			children = (
				441E5D0617F4699400289DBD /* IISideController.h */,
				441E5D0717F4699400289DBD /* IISideController.m */,
				441E5D0817F4699400289DBD /* IIViewDeckController.h */,
				441E5D0917F4699400289DBD /* IIViewDeckController.m */,
				441E5D0A17F4699400289DBD /* IIWrapController.h */,
				441E5D0B17F4699400289DBD /* IIWrapController.m */,
			);
			name = IIViewDeck;
			sourceTree = "<group>";
		};
		441E5D1317F46A0E00289DBD /* czzEntryPointViewController */ = {
			isa = PBXGroup;
			children = (
				441E5D1017F46A0900289DBD /* czzEntryPointViewController.h */,
				441E5D1117F46A0900289DBD /* czzEntryPointViewController.m */,
			);
			name = czzEntryPointViewController;
			sourceTree = "<group>";
		};
		441E5D1717F46B3200289DBD /* czzForumsViewController */ = {
			isa = PBXGroup;
			children = (
				440B2FC517F7DB7800544926 /* czzForumsViewController.h */,
				440B2FC617F7DB7800544926 /* czzForumsViewController.m */,
			);
			name = czzForumsViewController;
			sourceTree = "<group>";
		};
		441E5D1817F46B5100289DBD /* czzHomeViewController */ = {
			isa = PBXGroup;
			children = (
				441E5CE617F4691300289DBD /* czzHomeViewController.h */,
				441E5CE717F4691300289DBD /* czzHomeViewController.m */,
				440B302317F96A1300544926 /* czzNewPostViewController */,
			);
			name = czzHomeViewController;
			sourceTree = "<group>";
		};
		441E5D1C17F46E7F00289DBD /* SMXMLDocument */ = {
			isa = PBXGroup;
			children = (
				441E5D1917F46E7900289DBD /* SMXMLDocument.h */,
				441E5D1A17F46E7900289DBD /* SMXMLDocument.m */,
			);
			name = SMXMLDocument;
			sourceTree = "<group>";
		};
		441E5D2117F46FBC00289DBD /* czzXMLDownloader */ = {
			isa = PBXGroup;
			children = (
				441E5D1E17F46FB600289DBD /* czzXMLDownloader.h */,
				441E5D1F17F46FB600289DBD /* czzXMLDownloader.m */,
			);
			name = czzXMLDownloader;
			sourceTree = "<group>";
		};
		441E5D2517F4798300289DBD /* czzForumGroup */ = {
			isa = PBXGroup;
			children = (
				441E5D2217F4797F00289DBD /* czzForumGroup.h */,
				441E5D2317F4797F00289DBD /* czzForumGroup.m */,
			);
			name = czzForumGroup;
			sourceTree = "<group>";
		};
		441E5D2617F48B3D00289DBD /* Toast */ = {
			isa = PBXGroup;
			children = (
				441E5D2717F48B3D00289DBD /* Toast+UIView.h */,
				441E5D2817F48B3D00289DBD /* Toast+UIView.m */,
			);
			path = Toast;
			sourceTree = "<group>";
		};
		441E5D2D17F490E100289DBD /* czzThread */ = {
			isa = PBXGroup;
			children = (
				441E5D2117F46FBC00289DBD /* czzXMLDownloader */,
				441E5D2A17F48F8C00289DBD /* czzThread.h */,
				441E5D2B17F48F8C00289DBD /* czzThread.m */,
				44FC4346180067D80028D7C9 /* czzPostSender */,
				4448C2A4180FF51D00D2CD76 /* czzBlacklist */,
				44CD44001869CB6900C7D063 /* czzThreadCacheManager */,
			);
			name = czzThread;
			sourceTree = "<group>";
		};
		441E5E5117F4AEAB00289DBD /* Icons */ = {
			isa = PBXGroup;
			children = (
				44B96E3D185B9C3200D664A4 /* vertical separator.png */,
				441E5E4F17F4AEA700289DBD /* warning.png */,
			);
			name = Icons;
			sourceTree = "<group>";
		};
		441E5E5517F52DF300289DBD /* czzThreadViewController */ = {
			isa = PBXGroup;
			children = (
				441E5E5217F52DEF00289DBD /* czzThreadViewController.h */,
				441E5E5317F52DEF00289DBD /* czzThreadViewController.m */,
				440B2FCD17F8057C00544926 /* czzPostViewController */,
				440B2FBE17F7C5E700544926 /* czzThreadMenuViewController */,
				44AE2AFB1872569C002CB021 /* czzMenuEnabledTableViewCell */,
				44AE2AFC18725EC4002CB021 /* czzNoSelectionTextView.h */,
				44AE2AFD18725EC4002CB021 /* czzNoSelectionTextView.m */,
			);
			name = czzThreadViewController;
			sourceTree = "<group>";
		};
		442CD0E4185160200021AD37 /* czzImageDownloader */ = {
			isa = PBXGroup;
			children = (
				442CD0E11851601A0021AD37 /* czzImageDownloader.h */,
				442CD0E21851601A0021AD37 /* czzImageDownloader.m */,
				442CD0E518517BED0021AD37 /* czzImageCentre.h */,
				442CD0E618517BED0021AD37 /* czzImageCentre.m */,
			);
			name = czzImageDownloader;
			sourceTree = "<group>";
		};
		44412970186D39BA00075AA2 /* TTTAttributedLabel */ = {
			isa = PBXGroup;
			children = (
				44412971186D39BA00075AA2 /* TTTAttributedLabel.h */,
				44412972186D39BA00075AA2 /* TTTAttributedLabel.m */,
			);
			path = TTTAttributedLabel;
			sourceTree = "<group>";
		};
		4448C2A4180FF51D00D2CD76 /* czzBlacklist */ = {
			isa = PBXGroup;
			children = (
				4448C2A1180FF50F00D2CD76 /* czzBlacklistEntity.h */,
				4448C2A2180FF50F00D2CD76 /* czzBlacklistEntity.m */,
				4448C2A5180FF55A00D2CD76 /* czzBlacklistDownloader.h */,
				4448C2A6180FF55A00D2CD76 /* czzBlacklistDownloader.m */,
				4448C2A8180FF6C600D2CD76 /* czzBlacklistSender.h */,
				4448C2A9180FF6C600D2CD76 /* czzBlacklistSender.m */,
				4448C2AB18100C6B00D2CD76 /* czzBlacklist.h */,
				4448C2AC18100C6B00D2CD76 /* czzBlacklist.m */,
			);
			name = czzBlacklist;
			sourceTree = "<group>";
		};
		4462EF2218659B8600E6BE78 /* czzFavouriteManagerVIewController */ = {
			isa = PBXGroup;
			children = (
				4462EF2318659BC200E6BE78 /* czzFavouriteManagerViewController.h */,
				4462EF2418659BC200E6BE78 /* czzFavouriteManagerViewController.m */,
			);
			name = czzFavouriteManagerVIewController;
			sourceTree = "<group>";
		};
		44AE2AFB1872569C002CB021 /* czzMenuEnabledTableViewCell */ = {
			isa = PBXGroup;
			children = (
				44AE2AF8187254E4002CB021 /* czzMenuEnabledTableViewCell.h */,
				44AE2AF9187254E4002CB021 /* czzMenuEnabledTableViewCell.m */,
			);
			name = czzMenuEnabledTableViewCell;
			sourceTree = "<group>";
		};
		44B86455185D807F00C29B92 /* AdMod components */ = {
			isa = PBXGroup;
			children = (
				44B86448185D807800C29B92 /* GADAdMobExtras.h */,
				44B86449185D807800C29B92 /* GADAdNetworkExtras.h */,
				44B8644A185D807800C29B92 /* GADAdSize.h */,
				44B8644B185D807800C29B92 /* GADBannerView.h */,
				44B8644C185D807800C29B92 /* GADBannerViewDelegate.h */,
				44B8644D185D807800C29B92 /* GADInterstitial.h */,
				44B8644E185D807800C29B92 /* GADInterstitialDelegate.h */,
				44B8644F185D807800C29B92 /* GADRequest.h */,
				44B86450185D807800C29B92 /* GADRequestError.h */,
				44B86451185D807800C29B92 /* libGoogleAdMobAds.a */,
				44B86452185D807800C29B92 /* README.txt */,
			);
			name = "AdMod components";
			sourceTree = "<group>";
		};
		44B96E34185B8B9300D664A4 /* czzImageManagerViewCon */ = {
			isa = PBXGroup;
			children = (
				44B96E31185B8B8100D664A4 /* czzImageManagerViewController.h */,
				44B96E32185B8B8100D664A4 /* czzImageManagerViewController.m */,
			);
			name = czzImageManagerViewCon;
			sourceTree = "<group>";
		};
		44B96E38185B97C700D664A4 /* czzSettingsViewController */ = {
			isa = PBXGroup;
			children = (
				44B96E35185B97C400D664A4 /* czzSettingsViewController.h */,
				44B96E36185B97C400D664A4 /* czzSettingsViewController.m */,
			);
			name = czzSettingsViewController;
			sourceTree = "<group>";
		};
		44C89ADD185C14BA00E65B73 /* DACircularProgress */ = {
			isa = PBXGroup;
			children = (
				44C89ADE185C14BA00E65B73 /* DACircularProgressView.h */,
				44C89ADF185C14BA00E65B73 /* DACircularProgressView.m */,
			);
			path = DACircularProgress;
			sourceTree = "<group>";
		};
		44CD44001869CB6900C7D063 /* czzThreadCacheManager */ = {
			isa = PBXGroup;
			children = (
				44CD43FD1869CB3E00C7D063 /* czzThreadCacheManager.h */,
				44CD43FE1869CB3E00C7D063 /* czzThreadCacheManager.m */,
			);
			name = czzThreadCacheManager;
			sourceTree = "<group>";
		};
		44FC4346180067D80028D7C9 /* czzPostSender */ = {
			isa = PBXGroup;
			children = (
				440B2FD117F81A9200544926 /* czzPost */,
				44FC4343180067CF0028D7C9 /* czzPostSender.h */,
				44FC4344180067CF0028D7C9 /* czzPostSender.m */,
			);
			name = czzPostSender;
			sourceTree = "<group>";
		};
		44FC434718008E660028D7C9 /* TDSemiModal */ = {
			isa = PBXGroup;
			children = (
				44FC434818008E660028D7C9 /* TDDatePickerController.h */,
				44FC434918008E660028D7C9 /* TDDatePickerController.m */,
				44FC434A18008E660028D7C9 /* TDDatePickerController.xib */,
				44FC434B18008E660028D7C9 /* TDSemiModal.h */,
				44FC434C18008E660028D7C9 /* TDSemiModalViewController.h */,
				44FC434D18008E660028D7C9 /* TDSemiModalViewController.m */,
				44FC434E18008E660028D7C9 /* UIViewController+TDSemiModalExtension.h */,
				44FC434F18008E660028D7C9 /* UIViewController+TDSemiModalExtension.m */,
			);
			name = TDSemiModal;
			path = Source;
			sourceTree = "<group>";
		};
		5A0A6BD7184869200094D7FB /* czzMoreInfoViewController */ = {
			isa = PBXGroup;
			children = (
				44B96E34185B8B9300D664A4 /* czzImageManagerViewCon */,
				44B96E38185B97C700D664A4 /* czzSettingsViewController */,
				5A0A6BD41848691C0094D7FB /* czzMoreInfoViewController.h */,
				5A0A6BD51848691C0094D7FB /* czzMoreInfoViewController.m */,
				4462EF2218659B8600E6BE78 /* czzFavouriteManagerVIewController */,
			);
			name = czzMoreInfoViewController;
			sourceTree = "<group>";
		};
/* End PBXGroup section */

/* Begin PBXNativeTarget section */
		441E5CCA17F4691300289DBD /* CustomImageBoardViewer */ = {
			isa = PBXNativeTarget;
			buildConfigurationList = 441E5D0017F4691300289DBD /* Build configuration list for PBXNativeTarget "CustomImageBoardViewer" */;
			buildPhases = (
				441E5CC717F4691300289DBD /* Sources */,
				441E5CC817F4691300289DBD /* Frameworks */,
				441E5CC917F4691300289DBD /* Resources */,
			);
			buildRules = (
			);
			dependencies = (
			);
			name = CustomImageBoardViewer;
			productName = CustomImageBoardViewer;
			productReference = 441E5CCB17F4691300289DBD /* CustomImageBoardViewer.app */;
			productType = "com.apple.product-type.application";
		};
		441E5CEE17F4691300289DBD /* CustomImageBoardViewerTests */ = {
			isa = PBXNativeTarget;
			buildConfigurationList = 441E5D0317F4691300289DBD /* Build configuration list for PBXNativeTarget "CustomImageBoardViewerTests" */;
			buildPhases = (
				441E5CEB17F4691300289DBD /* Sources */,
				441E5CEC17F4691300289DBD /* Frameworks */,
				441E5CED17F4691300289DBD /* Resources */,
			);
			buildRules = (
			);
			dependencies = (
				441E5CF517F4691300289DBD /* PBXTargetDependency */,
			);
			name = CustomImageBoardViewerTests;
			productName = CustomImageBoardViewerTests;
			productReference = 441E5CEF17F4691300289DBD /* CustomImageBoardViewerTests.xctest */;
			productType = "com.apple.product-type.bundle.unit-test";
		};
/* End PBXNativeTarget section */

/* Begin PBXProject section */
		441E5CC317F4691300289DBD /* Project object */ = {
			isa = PBXProject;
			attributes = {
				CLASSPREFIX = czz;
				LastUpgradeCheck = 0500;
				ORGANIZATIONNAME = Craig;
				TargetAttributes = {
					441E5CCA17F4691300289DBD = {
						DevelopmentTeam = 9EBE9MWW9X;
						SystemCapabilities = {
							com.apple.InAppPurchase = {
								enabled = 0;
							};
						};
					};
					441E5CEE17F4691300289DBD = {
						TestTargetID = 441E5CCA17F4691300289DBD;
					};
				};
			};
			buildConfigurationList = 441E5CC617F4691300289DBD /* Build configuration list for PBXProject "CustomImageBoardViewer" */;
			compatibilityVersion = "Xcode 3.2";
			developmentRegion = English;
			hasScannedForEncodings = 0;
			knownRegions = (
				en,
				Base,
			);
			mainGroup = 441E5CC217F4691300289DBD;
			productRefGroup = 441E5CCC17F4691300289DBD /* Products */;
			projectDirPath = "";
			projectRoot = "";
			targets = (
				441E5CCA17F4691300289DBD /* CustomImageBoardViewer */,
				441E5CEE17F4691300289DBD /* CustomImageBoardViewerTests */,
			);
		};
/* End PBXProject section */

/* Begin PBXResourcesBuildPhase section */
		441E5CC917F4691300289DBD /* Resources */ = {
			isa = PBXResourcesBuildPhase;
			buildActionMask = 2147483647;
			files = (
				44F8DE6D1803928A00B6D3B0 /* 40ios7.png in Resources */,
				44F8DE661803900100B6D3B0 /* Icon.png in Resources */,
				44B96E3E185B9C3200D664A4 /* vertical separator.png in Resources */,
				44F8DE641803900100B6D3B0 /* Icon-Small.png in Resources */,
				44F8DE701803928A00B6D3B0 /* Default~iphone.png in Resources */,
				441E5E5017F4AEA700289DBD /* warning.png in Resources */,
				44F8DE621803900100B6D3B0 /* Icon-Small-50.png in Resources */,
				44F8DE5E1803900100B6D3B0 /* Icon-72.png in Resources */,
				44F8DE651803900100B6D3B0 /* Icon-Small@2x.png in Resources */,
				441E5CEA17F4691300289DBD /* Images.xcassets in Resources */,
				44F8DE611803900100B6D3B0 /* Icon-76@2x.png in Resources */,
				44F8DE711803928A00B6D3B0 /* Default.png in Resources */,
				44F8DE6F1803928A00B6D3B0 /* 35ios7.png in Resources */,
				44F8DE5C1803900100B6D3B0 /* Icon-60.png in Resources */,
				44F8DE5A1803900100B6D3B0 /* Icon-40.png in Resources */,
				44F8DE601803900100B6D3B0 /* Icon-76.png in Resources */,
				44B86454185D807800C29B92 /* README.txt in Resources */,
				44FC435118008E660028D7C9 /* TDDatePickerController.xib in Resources */,
				44F8DE6E1803928A00B6D3B0 /* Default-568h@2x.png in Resources */,
				44F8DE5D1803900100B6D3B0 /* Icon-60@2x.png in Resources */,
				44F8DE5B1803900100B6D3B0 /* Icon-40@2x.png in Resources */,
				441E5CE217F4691300289DBD /* Main_iPhone.storyboard in Resources */,
				44F8DE671803900100B6D3B0 /* Icon@2x.png in Resources */,
				44F8DE631803900100B6D3B0 /* Icon-Small-50@2x.png in Resources */,
				441E5CD917F4691300289DBD /* InfoPlist.strings in Resources */,
				44F8DE5F1803900100B6D3B0 /* Icon-72@2x.png in Resources */,
			);
			runOnlyForDeploymentPostprocessing = 0;
		};
		441E5CED17F4691300289DBD /* Resources */ = {
			isa = PBXResourcesBuildPhase;
			buildActionMask = 2147483647;
			files = (
				441E5CFB17F4691300289DBD /* InfoPlist.strings in Resources */,
			);
			runOnlyForDeploymentPostprocessing = 0;
		};
/* End PBXResourcesBuildPhase section */

/* Begin PBXSourcesBuildPhase section */
		441E5CC717F4691300289DBD /* Sources */ = {
			isa = PBXSourcesBuildPhase;
			buildActionMask = 2147483647;
			files = (
				4448C2AA180FF6C600D2CD76 /* czzBlacklistSender.m in Sources */,
				44FC435218008E660028D7C9 /* TDSemiModalViewController.m in Sources */,
				4462EF2518659BC200E6BE78 /* czzFavouriteManagerViewController.m in Sources */,
				44FC435318008E660028D7C9 /* UIViewController+TDSemiModalExtension.m in Sources */,
				441E5D2917F48B3D00289DBD /* Toast+UIView.m in Sources */,
				441E5D0C17F4699400289DBD /* IISideController.m in Sources */,
				441E5CDF17F4691300289DBD /* czzAppDelegate.m in Sources */,
				441EC336186EF58A00AF64BE /* czzRotatingTextInputToolbar.m in Sources */,
				441E5D2C17F48F8C00289DBD /* czzThread.m in Sources */,
				441E5D2417F4797F00289DBD /* czzForumGroup.m in Sources */,
				44B96E33185B8B8100D664A4 /* czzImageManagerViewController.m in Sources */,
				441E5D0D17F4699400289DBD /* IIViewDeckController.m in Sources */,
				440B2FC717F7DB7800544926 /* czzForumsViewController.m in Sources */,
				442CD0E718517BED0021AD37 /* czzImageCentre.m in Sources */,
				44AE2AFE18725EC4002CB021 /* czzNoSelectionTextView.m in Sources */,
				44AE2AFA187254E4002CB021 /* czzMenuEnabledTableViewCell.m in Sources */,
				4448C2A7180FF55A00D2CD76 /* czzBlacklistDownloader.m in Sources */,
				442CD0E31851601A0021AD37 /* czzImageDownloader.m in Sources */,
				440B2FCC17F8057500544926 /* czzPostViewController.m in Sources */,
				441E5E5417F52DEF00289DBD /* czzThreadViewController.m in Sources */,
				441E5CE817F4691300289DBD /* czzHomeViewController.m in Sources */,
				4448C2A3180FF50F00D2CD76 /* czzBlacklistEntity.m in Sources */,
				5A0A6BD61848691C0094D7FB /* czzMoreInfoViewController.m in Sources */,
				4448C2AD18100C6B00D2CD76 /* czzBlacklist.m in Sources */,
				441E5D1B17F46E7900289DBD /* SMXMLDocument.m in Sources */,
				441E5D1217F46A0900289DBD /* czzEntryPointViewController.m in Sources */,
				441E5D2017F46FB600289DBD /* czzXMLDownloader.m in Sources */,
				440B2F6117F5EED800544926 /* GTMNSString+HTML.m in Sources */,
				440B2FD017F8191700544926 /* czzPost.m in Sources */,
				441E5CDB17F4691300289DBD /* main.m in Sources */,
				44FC4345180067CF0028D7C9 /* czzPostSender.m in Sources */,
				441E5D0E17F4699400289DBD /* IIWrapController.m in Sources */,
				44CD43FF1869CB3E00C7D063 /* czzThreadCacheManager.m in Sources */,
				44C89AE0185C14BA00E65B73 /* DACircularProgressView.m in Sources */,
				440B2FBD17F7C5DC00544926 /* czzRightSideViewController.m in Sources */,
				44B96E37185B97C400D664A4 /* czzSettingsViewController.m in Sources */,
				44FC435018008E660028D7C9 /* TDDatePickerController.m in Sources */,
				440B302217F969BF00544926 /* czzNewPostViewController.m in Sources */,
				44412973186D39BA00075AA2 /* TTTAttributedLabel.m in Sources */,
			);
			runOnlyForDeploymentPostprocessing = 0;
		};
		441E5CEB17F4691300289DBD /* Sources */ = {
			isa = PBXSourcesBuildPhase;
			buildActionMask = 2147483647;
			files = (
				441E5CFD17F4691300289DBD /* CustomImageBoardViewerTests.m in Sources */,
			);
			runOnlyForDeploymentPostprocessing = 0;
		};
/* End PBXSourcesBuildPhase section */

/* Begin PBXTargetDependency section */
		441E5CF517F4691300289DBD /* PBXTargetDependency */ = {
			isa = PBXTargetDependency;
			target = 441E5CCA17F4691300289DBD /* CustomImageBoardViewer */;
			targetProxy = 441E5CF417F4691300289DBD /* PBXContainerItemProxy */;
		};
/* End PBXTargetDependency section */

/* Begin PBXVariantGroup section */
		441E5CD717F4691300289DBD /* InfoPlist.strings */ = {
			isa = PBXVariantGroup;
			children = (
				441E5CD817F4691300289DBD /* en */,
			);
			name = InfoPlist.strings;
			sourceTree = "<group>";
		};
		441E5CE017F4691300289DBD /* Main_iPhone.storyboard */ = {
			isa = PBXVariantGroup;
			children = (
				441E5D1D17F46EE800289DBD /* en */,
			);
			name = Main_iPhone.storyboard;
			sourceTree = "<group>";
		};
		441E5CF917F4691300289DBD /* InfoPlist.strings */ = {
			isa = PBXVariantGroup;
			children = (
				441E5CFA17F4691300289DBD /* en */,
			);
			name = InfoPlist.strings;
			sourceTree = "<group>";
		};
/* End PBXVariantGroup section */

/* Begin XCBuildConfiguration section */
		441E5CFE17F4691300289DBD /* Debug */ = {
			isa = XCBuildConfiguration;
			buildSettings = {
				ALWAYS_SEARCH_USER_PATHS = NO;
				ARCHS = "$(ARCHS_STANDARD_32_BIT)";
				CLANG_CXX_LANGUAGE_STANDARD = "gnu++0x";
				CLANG_CXX_LIBRARY = "libc++";
				CLANG_ENABLE_MODULES = YES;
				CLANG_ENABLE_OBJC_ARC = YES;
				CLANG_WARN_BOOL_CONVERSION = YES;
				CLANG_WARN_CONSTANT_CONVERSION = YES;
				CLANG_WARN_DIRECT_OBJC_ISA_USAGE = YES_ERROR;
				CLANG_WARN_EMPTY_BODY = YES;
				CLANG_WARN_ENUM_CONVERSION = YES;
				CLANG_WARN_INT_CONVERSION = YES;
				CLANG_WARN_OBJC_ROOT_CLASS = YES_ERROR;
				CLANG_WARN__DUPLICATE_METHOD_MATCH = YES;
				"CODE_SIGN_IDENTITY[sdk=iphoneos*]" = "iPhone Developer";
				COPY_PHASE_STRIP = NO;
				GCC_C_LANGUAGE_STANDARD = gnu99;
				GCC_DYNAMIC_NO_PIC = NO;
				GCC_OPTIMIZATION_LEVEL = 0;
				GCC_PREPROCESSOR_DEFINITIONS = (
					"DEBUG=1",
					"$(inherited)",
				);
				GCC_SYMBOLS_PRIVATE_EXTERN = NO;
				GCC_WARN_64_TO_32_BIT_CONVERSION = YES;
				GCC_WARN_ABOUT_RETURN_TYPE = YES_ERROR;
				GCC_WARN_UNDECLARED_SELECTOR = YES;
				GCC_WARN_UNINITIALIZED_AUTOS = YES;
				GCC_WARN_UNUSED_FUNCTION = YES;
				GCC_WARN_UNUSED_VARIABLE = YES;
				IPHONEOS_DEPLOYMENT_TARGET = 6.0;
				ONLY_ACTIVE_ARCH = YES;
				SDKROOT = iphoneos;
				TARGETED_DEVICE_FAMILY = "1,2";
			};
			name = Debug;
		};
		441E5CFF17F4691300289DBD /* Release */ = {
			isa = XCBuildConfiguration;
			buildSettings = {
				ALWAYS_SEARCH_USER_PATHS = NO;
				ARCHS = "$(ARCHS_STANDARD_32_BIT)";
				CLANG_CXX_LANGUAGE_STANDARD = "gnu++0x";
				CLANG_CXX_LIBRARY = "libc++";
				CLANG_ENABLE_MODULES = YES;
				CLANG_ENABLE_OBJC_ARC = YES;
				CLANG_WARN_BOOL_CONVERSION = YES;
				CLANG_WARN_CONSTANT_CONVERSION = YES;
				CLANG_WARN_DIRECT_OBJC_ISA_USAGE = YES_ERROR;
				CLANG_WARN_EMPTY_BODY = YES;
				CLANG_WARN_ENUM_CONVERSION = YES;
				CLANG_WARN_INT_CONVERSION = YES;
				CLANG_WARN_OBJC_ROOT_CLASS = YES_ERROR;
				CLANG_WARN__DUPLICATE_METHOD_MATCH = YES;
				"CODE_SIGN_IDENTITY[sdk=iphoneos*]" = "iPhone Developer";
				COPY_PHASE_STRIP = YES;
				ENABLE_NS_ASSERTIONS = NO;
				GCC_C_LANGUAGE_STANDARD = gnu99;
				GCC_WARN_64_TO_32_BIT_CONVERSION = YES;
				GCC_WARN_ABOUT_RETURN_TYPE = YES_ERROR;
				GCC_WARN_UNDECLARED_SELECTOR = YES;
				GCC_WARN_UNINITIALIZED_AUTOS = YES;
				GCC_WARN_UNUSED_FUNCTION = YES;
				GCC_WARN_UNUSED_VARIABLE = YES;
				IPHONEOS_DEPLOYMENT_TARGET = 6.0;
				SDKROOT = iphoneos;
				TARGETED_DEVICE_FAMILY = "1,2";
				VALIDATE_PRODUCT = YES;
			};
			name = Release;
		};
		441E5D0117F4691300289DBD /* Debug */ = {
			isa = XCBuildConfiguration;
			buildSettings = {
				ARCHS = "$(ARCHS_STANDARD)";
				ASSETCATALOG_COMPILER_APPICON_NAME = AppIcon;
				ASSETCATALOG_COMPILER_LAUNCHIMAGE_NAME = "LaunchImage-3";
				CODE_SIGN_IDENTITY = "iPhone Developer";
				"CODE_SIGN_IDENTITY[sdk=iphoneos*]" = "iPhone Developer";
				GCC_PRECOMPILE_PREFIX_HEADER = YES;
				GCC_PREFIX_HEADER = "CustomImageBoardViewer/CustomImageBoardViewer-Prefix.pch";
				INFOPLIST_FILE = "CustomImageBoardViewer/CustomImageBoardViewer-Info.plist";
				IPHONEOS_DEPLOYMENT_TARGET = 6.0;
				LIBRARY_SEARCH_PATHS = (
					"$(inherited)",
					/Users/craig/Developer/CustomImageBoardViewer/CustomImageBoardViewer,
				);
				OTHER_LDFLAGS = "-ObjC";
				PRODUCT_NAME = "$(TARGET_NAME)";
				PROVISIONING_PROFILE = "";
				WRAPPER_EXTENSION = app;
			};
			name = Debug;
		};
		441E5D0217F4691300289DBD /* Release */ = {
			isa = XCBuildConfiguration;
			buildSettings = {
				ARCHS = "$(ARCHS_STANDARD)";
				ASSETCATALOG_COMPILER_APPICON_NAME = AppIcon;
				ASSETCATALOG_COMPILER_LAUNCHIMAGE_NAME = "LaunchImage-3";
				CODE_SIGN_IDENTITY = "iPhone Developer";
				"CODE_SIGN_IDENTITY[sdk=iphoneos*]" = "iPhone Developer";
				GCC_PRECOMPILE_PREFIX_HEADER = YES;
				GCC_PREFIX_HEADER = "CustomImageBoardViewer/CustomImageBoardViewer-Prefix.pch";
				INFOPLIST_FILE = "CustomImageBoardViewer/CustomImageBoardViewer-Info.plist";
				IPHONEOS_DEPLOYMENT_TARGET = 6.0;
				LIBRARY_SEARCH_PATHS = (
					"$(inherited)",
					/Users/craig/Developer/CustomImageBoardViewer/CustomImageBoardViewer,
				);
				OTHER_LDFLAGS = "-ObjC";
				PRODUCT_NAME = "$(TARGET_NAME)";
				PROVISIONING_PROFILE = "";
				WRAPPER_EXTENSION = app;
			};
			name = Release;
		};
		441E5D0417F4691300289DBD /* Debug */ = {
			isa = XCBuildConfiguration;
			buildSettings = {
				ARCHS = "$(ARCHS_STANDARD_INCLUDING_64_BIT)";
				BUNDLE_LOADER = "$(BUILT_PRODUCTS_DIR)/CustomImageBoardViewer.app/CustomImageBoardViewer";
				FRAMEWORK_SEARCH_PATHS = (
					"$(SDKROOT)/Developer/Library/Frameworks",
					"$(inherited)",
					"$(DEVELOPER_FRAMEWORKS_DIR)",
				);
				GCC_PRECOMPILE_PREFIX_HEADER = YES;
				GCC_PREFIX_HEADER = "CustomImageBoardViewer/CustomImageBoardViewer-Prefix.pch";
				GCC_PREPROCESSOR_DEFINITIONS = (
					"DEBUG=1",
					"$(inherited)",
				);
				INFOPLIST_FILE = "CustomImageBoardViewerTests/CustomImageBoardViewerTests-Info.plist";
				PRODUCT_NAME = "$(TARGET_NAME)";
				TEST_HOST = "$(BUNDLE_LOADER)";
				WRAPPER_EXTENSION = xctest;
			};
			name = Debug;
		};
		441E5D0517F4691300289DBD /* Release */ = {
			isa = XCBuildConfiguration;
			buildSettings = {
				ARCHS = "$(ARCHS_STANDARD_INCLUDING_64_BIT)";
				BUNDLE_LOADER = "$(BUILT_PRODUCTS_DIR)/CustomImageBoardViewer.app/CustomImageBoardViewer";
				FRAMEWORK_SEARCH_PATHS = (
					"$(SDKROOT)/Developer/Library/Frameworks",
					"$(inherited)",
					"$(DEVELOPER_FRAMEWORKS_DIR)",
				);
				GCC_PRECOMPILE_PREFIX_HEADER = YES;
				GCC_PREFIX_HEADER = "CustomImageBoardViewer/CustomImageBoardViewer-Prefix.pch";
				INFOPLIST_FILE = "CustomImageBoardViewerTests/CustomImageBoardViewerTests-Info.plist";
				PRODUCT_NAME = "$(TARGET_NAME)";
				TEST_HOST = "$(BUNDLE_LOADER)";
				WRAPPER_EXTENSION = xctest;
			};
			name = Release;
		};
/* End XCBuildConfiguration section */

/* Begin XCConfigurationList section */
		441E5CC617F4691300289DBD /* Build configuration list for PBXProject "CustomImageBoardViewer" */ = {
			isa = XCConfigurationList;
			buildConfigurations = (
				441E5CFE17F4691300289DBD /* Debug */,
				441E5CFF17F4691300289DBD /* Release */,
			);
			defaultConfigurationIsVisible = 0;
			defaultConfigurationName = Release;
		};
		441E5D0017F4691300289DBD /* Build configuration list for PBXNativeTarget "CustomImageBoardViewer" */ = {
			isa = XCConfigurationList;
			buildConfigurations = (
				441E5D0117F4691300289DBD /* Debug */,
				441E5D0217F4691300289DBD /* Release */,
			);
			defaultConfigurationIsVisible = 0;
			defaultConfigurationName = Release;
		};
		441E5D0317F4691300289DBD /* Build configuration list for PBXNativeTarget "CustomImageBoardViewerTests" */ = {
			isa = XCConfigurationList;
			buildConfigurations = (
				441E5D0417F4691300289DBD /* Debug */,
				441E5D0517F4691300289DBD /* Release */,
			);
			defaultConfigurationIsVisible = 0;
			defaultConfigurationName = Release;
		};
/* End XCConfigurationList section */
	};
	rootObject = 441E5CC317F4691300289DBD /* Project object */;
}
